
Microsoft Visual Studio Solution File, Format Version 12.00
# Visual Studio Version 16
VisualStudioVersion = 16.0.32126.315
MinimumVisualStudioVersion = 10.0.40219.1
Project("{9A19103F-16F7-4668-BE54-9A1E7A4F7556}") = "DWBooking", "DWBooking\DWBooking.csproj", "{B60CC1FB-0EF2-4051-9AA7-D6429BA67517}"
EndProject
Project("{FAE04EC0-301F-11D3-BF4B-00C04F79EFBC}") = "DWUnitTest", "DWUnitTest\DWUnitTest.csproj", "{0AB33098-6D51-4124-8C51-5705152AFB18}"
EndProject
Global
	GlobalSection(SolutionConfigurationPlatforms) = preSolution
		Debug|Any CPU = Debug|Any CPU
		Release|Any CPU = Release|Any CPU
	EndGlobalSection
	GlobalSection(ProjectConfigurationPlatforms) = postSolution
		{B60CC1FB-0EF2-4051-9AA7-D6429BA67517}.Debug|Any CPU.ActiveCfg = Debug|Any CPU
		{B60CC1FB-0EF2-4051-9AA7-D6429BA67517}.Debug|Any CPU.Build.0 = Debug|Any CPU
		{B60CC1FB-0EF2-4051-9AA7-D6429BA67517}.Release|Any CPU.ActiveCfg = Release|Any CPU
		{B60CC1FB-0EF2-4051-9AA7-D6429BA67517}.Release|Any CPU.Build.0 = Release|Any CPU
		{0AB33098-6D51-4124-8C51-5705152AFB18}.Debug|Any CPU.ActiveCfg = Debug|Any CPU
		{0AB33098-6D51-4124-8C51-5705152AFB18}.Debug|Any CPU.Build.0 = Debug|Any CPU
		{0AB33098-6D51-4124-8C51-5705152AFB18}.Release|Any CPU.ActiveCfg = Release|Any CPU
		{0AB33098-6D51-4124-8C51-5705152AFB18}.Release|Any CPU.Build.0 = Release|Any CPU
	EndGlobalSection
	GlobalSection(SolutionProperties) = preSolution
		HideSolutionNode = FALSE
	EndGlobalSection
	GlobalSection(ExtensibilityGlobals) = postSolution
		SolutionGuid = {7B869863-D443-41C4-B7B3-61B46B5C590F}
	EndGlobalSection
EndGlobal
